
Microsoft Visual Studio Solution File, Format Version 12.00
# Visual Studio 15
VisualStudioVersion = 15.0.27130.2026
MinimumVisualStudioVersion = 10.0.40219.1
Project("{FAE04EC0-301F-11D3-BF4B-00C04F79EFBC}") = "TaskOne", "TaskOne\TaskOne.csproj", "{CC73B099-0C76-4DF3-8A1F-6BD7CBEE9DEA}"
EndProject
Project("{FAE04EC0-301F-11D3-BF4B-00C04F79EFBC}") = "TaskTwo", "TaskTwo\TaskTwo.csproj", "{338B8F3A-5100-479E-9BA0-3DF69B80697B}"
EndProject
Global
	GlobalSection(SolutionConfigurationPlatforms) = preSolution
		Debug|Any CPU = Debug|Any CPU
		Release|Any CPU = Release|Any CPU
	EndGlobalSection
	GlobalSection(ProjectConfigurationPlatforms) = postSolution
		{CC73B099-0C76-4DF3-8A1F-6BD7CBEE9DEA}.Debug|Any CPU.ActiveCfg = Debug|Any CPU
		{CC73B099-0C76-4DF3-8A1F-6BD7CBEE9DEA}.Debug|Any CPU.Build.0 = Debug|Any CPU
		{CC73B099-0C76-4DF3-8A1F-6BD7CBEE9DEA}.Release|Any CPU.ActiveCfg = Release|Any CPU
		{CC73B099-0C76-4DF3-8A1F-6BD7CBEE9DEA}.Release|Any CPU.Build.0 = Release|Any CPU
		{338B8F3A-5100-479E-9BA0-3DF69B80697B}.Debug|Any CPU.ActiveCfg = Debug|Any CPU
		{338B8F3A-5100-479E-9BA0-3DF69B80697B}.Debug|Any CPU.Build.0 = Debug|Any CPU
		{338B8F3A-5100-479E-9BA0-3DF69B80697B}.Release|Any CPU.ActiveCfg = Release|Any CPU
		{338B8F3A-5100-479E-9BA0-3DF69B80697B}.Release|Any CPU.Build.0 = Release|Any CPU
	EndGlobalSection
	GlobalSection(SolutionProperties) = preSolution
		HideSolutionNode = FALSE
	EndGlobalSection
	GlobalSection(ExtensibilityGlobals) = postSolution
		SolutionGuid = {14F478EC-15AD-4E8F-A341-7C3D6908097D}
	EndGlobalSection
EndGlobal
